// !$*UTF8*$!
{
	archiveVersion = 1;
	classes = {
	};
	objectVersion = 50;
	objects = {

/* Begin PBXBuildFile section */
		83D48CDF25146038001046BA /* AppDelegate.swift in Sources */ = {isa = PBXBuildFile; fileRef = 83D48CDE25146038001046BA /* AppDelegate.swift */; };
		83D48CE125146038001046BA /* SceneDelegate.swift in Sources */ = {isa = PBXBuildFile; fileRef = 83D48CE025146038001046BA /* SceneDelegate.swift */; };
		83D48CE325146038001046BA /* MainViewController.swift in Sources */ = {isa = PBXBuildFile; fileRef = 83D48CE225146038001046BA /* MainViewController.swift */; };
		83D48CE82514603A001046BA /* Assets.xcassets in Resources */ = {isa = PBXBuildFile; fileRef = 83D48CE72514603A001046BA /* Assets.xcassets */; };
		83D48CEB2514603A001046BA /* LaunchScreen.storyboard in Resources */ = {isa = PBXBuildFile; fileRef = 83D48CE92514603A001046BA /* LaunchScreen.storyboard */; };
		83D48CF9251461CD001046BA /* Coordinator.swift in Sources */ = {isa = PBXBuildFile; fileRef = 83D48CF8251461CD001046BA /* Coordinator.swift */; };
		83D48CFE25146245001046BA /* AppCoordinator.swift in Sources */ = {isa = PBXBuildFile; fileRef = 83D48CFD25146245001046BA /* AppCoordinator.swift */; };
		83D48D0025146285001046BA /* MainCoordinator.swift in Sources */ = {isa = PBXBuildFile; fileRef = 83D48CFF25146285001046BA /* MainCoordinator.swift */; };
		83D48D0225146328001046BA /* CoordinatorProvider.swift in Sources */ = {isa = PBXBuildFile; fileRef = 83D48D0125146328001046BA /* CoordinatorProvider.swift */; };
		83D48D0425146387001046BA /* ViewControllerProvider.swift in Sources */ = {isa = PBXBuildFile; fileRef = 83D48D0325146387001046BA /* ViewControllerProvider.swift */; };
		83D48D08251463CE001046BA /* ViewControllerProvider+Main.swift in Sources */ = {isa = PBXBuildFile; fileRef = 83D48D07251463CE001046BA /* ViewControllerProvider+Main.swift */; };
		83D48D0A25146421001046BA /* MainViewModel.swift in Sources */ = {isa = PBXBuildFile; fileRef = 83D48D0925146421001046BA /* MainViewModel.swift */; };
/* End PBXBuildFile section */

/* Begin PBXFileReference section */
		83D48CDB25146038001046BA /* POCs.app */ = {isa = PBXFileReference; explicitFileType = wrapper.application; includeInIndex = 0; path = POCs.app; sourceTree = BUILT_PRODUCTS_DIR; };
		83D48CDE25146038001046BA /* AppDelegate.swift */ = {isa = PBXFileReference; lastKnownFileType = sourcecode.swift; path = AppDelegate.swift; sourceTree = "<group>"; };
		83D48CE025146038001046BA /* SceneDelegate.swift */ = {isa = PBXFileReference; lastKnownFileType = sourcecode.swift; path = SceneDelegate.swift; sourceTree = "<group>"; };
		83D48CE225146038001046BA /* MainViewController.swift */ = {isa = PBXFileReference; lastKnownFileType = sourcecode.swift; path = MainViewController.swift; sourceTree = "<group>"; };
		83D48CE72514603A001046BA /* Assets.xcassets */ = {isa = PBXFileReference; lastKnownFileType = folder.assetcatalog; path = Assets.xcassets; sourceTree = "<group>"; };
		83D48CEA2514603A001046BA /* Base */ = {isa = PBXFileReference; lastKnownFileType = file.storyboard; name = Base; path = Base.lproj/LaunchScreen.storyboard; sourceTree = "<group>"; };
		83D48CEC2514603A001046BA /* Info.plist */ = {isa = PBXFileReference; lastKnownFileType = text.plist.xml; path = Info.plist; sourceTree = "<group>"; };
		83D48CF8251461CD001046BA /* Coordinator.swift */ = {isa = PBXFileReference; lastKnownFileType = sourcecode.swift; path = Coordinator.swift; sourceTree = "<group>"; };
		83D48CFD25146245001046BA /* AppCoordinator.swift */ = {isa = PBXFileReference; fileEncoding = 4; lastKnownFileType = sourcecode.swift; path = AppCoordinator.swift; sourceTree = "<group>"; };
		83D48CFF25146285001046BA /* MainCoordinator.swift */ = {isa = PBXFileReference; fileEncoding = 4; lastKnownFileType = sourcecode.swift; path = MainCoordinator.swift; sourceTree = "<group>"; };
		83D48D0125146328001046BA /* CoordinatorProvider.swift */ = {isa = PBXFileReference; fileEncoding = 4; lastKnownFileType = sourcecode.swift; path = CoordinatorProvider.swift; sourceTree = "<group>"; };
		83D48D0325146387001046BA /* ViewControllerProvider.swift */ = {isa = PBXFileReference; lastKnownFileType = sourcecode.swift; path = ViewControllerProvider.swift; sourceTree = "<group>"; };
		83D48D07251463CE001046BA /* ViewControllerProvider+Main.swift */ = {isa = PBXFileReference; lastKnownFileType = sourcecode.swift; path = "ViewControllerProvider+Main.swift"; sourceTree = "<group>"; };
		83D48D0925146421001046BA /* MainViewModel.swift */ = {isa = PBXFileReference; lastKnownFileType = sourcecode.swift; path = MainViewModel.swift; sourceTree = "<group>"; };
/* End PBXFileReference section */

/* Begin PBXFrameworksBuildPhase section */
		83D48CD825146038001046BA /* Frameworks */ = {
			isa = PBXFrameworksBuildPhase;
			buildActionMask = 2147483647;
			files = (
			);
			runOnlyForDeploymentPostprocessing = 0;
		};
/* End PBXFrameworksBuildPhase section */

/* Begin PBXGroup section */
		83D48CD225146038001046BA = {
			isa = PBXGroup;
			children = (
				83D48CDD25146038001046BA /* POCs */,
				83D48CDC25146038001046BA /* Products */,
			);
			sourceTree = "<group>";
		};
		83D48CDC25146038001046BA /* Products */ = {
			isa = PBXGroup;
			children = (
				83D48CDB25146038001046BA /* POCs.app */,
			);
			name = Products;
			sourceTree = "<group>";
		};
		83D48CDD25146038001046BA /* POCs */ = {
			isa = PBXGroup;
			children = (
				83D48CF625146157001046BA /* Additions */,
				83D48CF5251460B2001046BA /* #Navigation */,
				83D48CF225146064001046BA /* Application */,
				83D48CF42514609E001046BA /* UI */,
			);
			path = POCs;
			sourceTree = "<group>";
		};
		83D48CF225146064001046BA /* Application */ = {
			isa = PBXGroup;
			children = (
				83D48CDE25146038001046BA /* AppDelegate.swift */,
				83D48CE025146038001046BA /* SceneDelegate.swift */,
				83D48CF32514607F001046BA /* Supporting files */,
			);
			path = Application;
			sourceTree = "<group>";
		};
		83D48CF32514607F001046BA /* Supporting files */ = {
			isa = PBXGroup;
			children = (
				83D48CE72514603A001046BA /* Assets.xcassets */,
				83D48CE92514603A001046BA /* LaunchScreen.storyboard */,
				83D48CEC2514603A001046BA /* Info.plist */,
			);
			path = "Supporting files";
			sourceTree = "<group>";
		};
		83D48CF42514609E001046BA /* UI */ = {
			isa = PBXGroup;
			children = (
				83D48D06251463A0001046BA /* Scenes */,
			);
			path = UI;
			sourceTree = "<group>";
		};
		83D48CF5251460B2001046BA /* #Navigation */ = {
			isa = PBXGroup;
			children = (
				83D48D0125146328001046BA /* CoordinatorProvider.swift */,
				83D48CFC2514622F001046BA /* Coordinators */,
			);
			path = "#Navigation";
			sourceTree = "<group>";
		};
		83D48CF625146157001046BA /* Additions */ = {
			isa = PBXGroup;
			children = (
				83D48CF72514619E001046BA /* Protocols */,
			);
			path = Additions;
			sourceTree = "<group>";
		};
		83D48CF72514619E001046BA /* Protocols */ = {
			isa = PBXGroup;
			children = (
				83D48CF8251461CD001046BA /* Coordinator.swift */,
			);
			path = Protocols;
			sourceTree = "<group>";
		};
		83D48CFA251461FD001046BA /* App */ = {
			isa = PBXGroup;
			children = (
				83D48CFD25146245001046BA /* AppCoordinator.swift */,
			);
			path = App;
			sourceTree = "<group>";
		};
		83D48CFB2514620A001046BA /* Main */ = {
			isa = PBXGroup;
			children = (
				83D48CFF25146285001046BA /* MainCoordinator.swift */,
			);
			path = Main;
			sourceTree = "<group>";
		};
		83D48CFC2514622F001046BA /* Coordinators */ = {
			isa = PBXGroup;
			children = (
				83D48CFB2514620A001046BA /* Main */,
				83D48CFA251461FD001046BA /* App */,
			);
			path = Coordinators;
			sourceTree = "<group>";
		};
		83D48D052514639A001046BA /* Main */ = {
			isa = PBXGroup;
			children = (
				83D48CE225146038001046BA /* MainViewController.swift */,
				83D48D0925146421001046BA /* MainViewModel.swift */,
				83D48D07251463CE001046BA /* ViewControllerProvider+Main.swift */,
			);
			path = Main;
			sourceTree = "<group>";
		};
		83D48D06251463A0001046BA /* Scenes */ = {
			isa = PBXGroup;
			children = (
				83D48D0325146387001046BA /* ViewControllerProvider.swift */,
				83D48D052514639A001046BA /* Main */,
			);
			path = Scenes;
			sourceTree = "<group>";
		};
/* End PBXGroup section */

/* Begin PBXNativeTarget section */
		83D48CDA25146038001046BA /* POCs */ = {
			isa = PBXNativeTarget;
			buildConfigurationList = 83D48CEF2514603A001046BA /* Build configuration list for PBXNativeTarget "POCs" */;
			buildPhases = (
				83D48CD725146038001046BA /* Sources */,
				83D48CD825146038001046BA /* Frameworks */,
				83D48CD925146038001046BA /* Resources */,
			);
			buildRules = (
			);
			dependencies = (
			);
			name = POCs;
			productName = POCs;
			productReference = 83D48CDB25146038001046BA /* POCs.app */;
			productType = "com.apple.product-type.application";
		};
/* End PBXNativeTarget section */

/* Begin PBXProject section */
		83D48CD325146038001046BA /* Project object */ = {
			isa = PBXProject;
			attributes = {
				LastSwiftUpdateCheck = 1160;
				LastUpgradeCheck = 1160;
				ORGANIZATIONNAME = MaranathApp;
				TargetAttributes = {
					83D48CDA25146038001046BA = {
						CreatedOnToolsVersion = 11.6;
					};
				};
			};
			buildConfigurationList = 83D48CD625146038001046BA /* Build configuration list for PBXProject "POCs" */;
			compatibilityVersion = "Xcode 9.3";
			developmentRegion = en;
			hasScannedForEncodings = 0;
			knownRegions = (
				en,
				Base,
			);
			mainGroup = 83D48CD225146038001046BA;
			productRefGroup = 83D48CDC25146038001046BA /* Products */;
			projectDirPath = "";
			projectRoot = "";
			targets = (
				83D48CDA25146038001046BA /* POCs */,
			);
		};
/* End PBXProject section */

/* Begin PBXResourcesBuildPhase section */
		83D48CD925146038001046BA /* Resources */ = {
			isa = PBXResourcesBuildPhase;
			buildActionMask = 2147483647;
			files = (
				83D48CEB2514603A001046BA /* LaunchScreen.storyboard in Resources */,
				83D48CE82514603A001046BA /* Assets.xcassets in Resources */,
			);
			runOnlyForDeploymentPostprocessing = 0;
		};
/* End PBXResourcesBuildPhase section */

/* Begin PBXSourcesBuildPhase section */
		83D48CD725146038001046BA /* Sources */ = {
			isa = PBXSourcesBuildPhase;
			buildActionMask = 2147483647;
			files = (
				83D48D0025146285001046BA /* MainCoordinator.swift in Sources */,
				83D48D08251463CE001046BA /* ViewControllerProvider+Main.swift in Sources */,
				83D48D0425146387001046BA /* ViewControllerProvider.swift in Sources */,
				83D48CF9251461CD001046BA /* Coordinator.swift in Sources */,
				83D48D0225146328001046BA /* CoordinatorProvider.swift in Sources */,
				83D48D0A25146421001046BA /* MainViewModel.swift in Sources */,
				83D48CE325146038001046BA /* MainViewController.swift in Sources */,
				83D48CFE25146245001046BA /* AppCoordinator.swift in Sources */,
				83D48CDF25146038001046BA /* AppDelegate.swift in Sources */,
				83D48CE125146038001046BA /* SceneDelegate.swift in Sources */,
			);
			runOnlyForDeploymentPostprocessing = 0;
		};
/* End PBXSourcesBuildPhase section */

/* Begin PBXVariantGroup section */
		83D48CE92514603A001046BA /* LaunchScreen.storyboard */ = {
			isa = PBXVariantGroup;
			children = (
				83D48CEA2514603A001046BA /* Base */,
			);
			name = LaunchScreen.storyboard;
			sourceTree = "<group>";
		};
/* End PBXVariantGroup section */

/* Begin XCBuildConfiguration section */
		83D48CED2514603A001046BA /* Debug */ = {
			isa = XCBuildConfiguration;
			buildSettings = {
				ALWAYS_SEARCH_USER_PATHS = NO;
				CLANG_ANALYZER_NONNULL = YES;
				CLANG_ANALYZER_NUMBER_OBJECT_CONVERSION = YES_AGGRESSIVE;
				CLANG_CXX_LANGUAGE_STANDARD = "gnu++14";
				CLANG_CXX_LIBRARY = "libc++";
				CLANG_ENABLE_MODULES = YES;
				CLANG_ENABLE_OBJC_ARC = YES;
				CLANG_ENABLE_OBJC_WEAK = YES;
				CLANG_WARN_BLOCK_CAPTURE_AUTORELEASING = YES;
				CLANG_WARN_BOOL_CONVERSION = YES;
				CLANG_WARN_COMMA = YES;
				CLANG_WARN_CONSTANT_CONVERSION = YES;
				CLANG_WARN_DEPRECATED_OBJC_IMPLEMENTATIONS = YES;
				CLANG_WARN_DIRECT_OBJC_ISA_USAGE = YES_ERROR;
				CLANG_WARN_DOCUMENTATION_COMMENTS = YES;
				CLANG_WARN_EMPTY_BODY = YES;
				CLANG_WARN_ENUM_CONVERSION = YES;
				CLANG_WARN_INFINITE_RECURSION = YES;
				CLANG_WARN_INT_CONVERSION = YES;
				CLANG_WARN_NON_LITERAL_NULL_CONVERSION = YES;
				CLANG_WARN_OBJC_IMPLICIT_RETAIN_SELF = YES;
				CLANG_WARN_OBJC_LITERAL_CONVERSION = YES;
				CLANG_WARN_OBJC_ROOT_CLASS = YES_ERROR;
				CLANG_WARN_RANGE_LOOP_ANALYSIS = YES;
				CLANG_WARN_STRICT_PROTOTYPES = YES;
				CLANG_WARN_SUSPICIOUS_MOVE = YES;
				CLANG_WARN_UNGUARDED_AVAILABILITY = YES_AGGRESSIVE;
				CLANG_WARN_UNREACHABLE_CODE = YES;
				CLANG_WARN__DUPLICATE_METHOD_MATCH = YES;
				COPY_PHASE_STRIP = NO;
				DEBUG_INFORMATION_FORMAT = dwarf;
				ENABLE_STRICT_OBJC_MSGSEND = YES;
				ENABLE_TESTABILITY = YES;
				GCC_C_LANGUAGE_STANDARD = gnu11;
				GCC_DYNAMIC_NO_PIC = NO;
				GCC_NO_COMMON_BLOCKS = YES;
				GCC_OPTIMIZATION_LEVEL = 0;
				GCC_PREPROCESSOR_DEFINITIONS = (
					"DEBUG=1",
					"$(inherited)",
				);
				GCC_WARN_64_TO_32_BIT_CONVERSION = YES;
				GCC_WARN_ABOUT_RETURN_TYPE = YES_ERROR;
				GCC_WARN_UNDECLARED_SELECTOR = YES;
				GCC_WARN_UNINITIALIZED_AUTOS = YES_AGGRESSIVE;
				GCC_WARN_UNUSED_FUNCTION = YES;
				GCC_WARN_UNUSED_VARIABLE = YES;
				IPHONEOS_DEPLOYMENT_TARGET = 13.6;
				MTL_ENABLE_DEBUG_INFO = INCLUDE_SOURCE;
				MTL_FAST_MATH = YES;
				ONLY_ACTIVE_ARCH = YES;
				SDKROOT = iphoneos;
				SWIFT_ACTIVE_COMPILATION_CONDITIONS = DEBUG;
				SWIFT_OPTIMIZATION_LEVEL = "-Onone";
			};
			name = Debug;
		};
		83D48CEE2514603A001046BA /* Release */ = {
			isa = XCBuildConfiguration;
			buildSettings = {
				ALWAYS_SEARCH_USER_PATHS = NO;
				CLANG_ANALYZER_NONNULL = YES;
				CLANG_ANALYZER_NUMBER_OBJECT_CONVERSION = YES_AGGRESSIVE;
				CLANG_CXX_LANGUAGE_STANDARD = "gnu++14";
				CLANG_CXX_LIBRARY = "libc++";
				CLANG_ENABLE_MODULES = YES;
				CLANG_ENABLE_OBJC_ARC = YES;
				CLANG_ENABLE_OBJC_WEAK = YES;
				CLANG_WARN_BLOCK_CAPTURE_AUTORELEASING = YES;
				CLANG_WARN_BOOL_CONVERSION = YES;
				CLANG_WARN_COMMA = YES;
				CLANG_WARN_CONSTANT_CONVERSION = YES;
				CLANG_WARN_DEPRECATED_OBJC_IMPLEMENTATIONS = YES;
				CLANG_WARN_DIRECT_OBJC_ISA_USAGE = YES_ERROR;
				CLANG_WARN_DOCUMENTATION_COMMENTS = YES;
				CLANG_WARN_EMPTY_BODY = YES;
				CLANG_WARN_ENUM_CONVERSION = YES;
				CLANG_WARN_INFINITE_RECURSION = YES;
				CLANG_WARN_INT_CONVERSION = YES;
				CLANG_WARN_NON_LITERAL_NULL_CONVERSION = YES;
				CLANG_WARN_OBJC_IMPLICIT_RETAIN_SELF = YES;
				CLANG_WARN_OBJC_LITERAL_CONVERSION = YES;
				CLANG_WARN_OBJC_ROOT_CLASS = YES_ERROR;
				CLANG_WARN_RANGE_LOOP_ANALYSIS = YES;
				CLANG_WARN_STRICT_PROTOTYPES = YES;
				CLANG_WARN_SUSPICIOUS_MOVE = YES;
				CLANG_WARN_UNGUARDED_AVAILABILITY = YES_AGGRESSIVE;
				CLANG_WARN_UNREACHABLE_CODE = YES;
				CLANG_WARN__DUPLICATE_METHOD_MATCH = YES;
				COPY_PHASE_STRIP = NO;
				DEBUG_INFORMATION_FORMAT = "dwarf-with-dsym";
				ENABLE_NS_ASSERTIONS = NO;
				ENABLE_STRICT_OBJC_MSGSEND = YES;
				GCC_C_LANGUAGE_STANDARD = gnu11;
				GCC_NO_COMMON_BLOCKS = YES;
				GCC_WARN_64_TO_32_BIT_CONVERSION = YES;
				GCC_WARN_ABOUT_RETURN_TYPE = YES_ERROR;
				GCC_WARN_UNDECLARED_SELECTOR = YES;
				GCC_WARN_UNINITIALIZED_AUTOS = YES_AGGRESSIVE;
				GCC_WARN_UNUSED_FUNCTION = YES;
				GCC_WARN_UNUSED_VARIABLE = YES;
				IPHONEOS_DEPLOYMENT_TARGET = 13.6;
				MTL_ENABLE_DEBUG_INFO = NO;
				MTL_FAST_MATH = YES;
				SDKROOT = iphoneos;
				SWIFT_COMPILATION_MODE = wholemodule;
				SWIFT_OPTIMIZATION_LEVEL = "-O";
				VALIDATE_PRODUCT = YES;
			};
			name = Release;
		};
		83D48CF02514603A001046BA /* Debug */ = {
			isa = XCBuildConfiguration;
			buildSettings = {
				ASSETCATALOG_COMPILER_APPICON_NAME = AppIcon;
				CODE_SIGN_STYLE = Automatic;
				DEVELOPMENT_TEAM = DS4GVW992F;
				INFOPLIST_FILE = "POCs/Application/Supporting files/Info.plist";
				LD_RUNPATH_SEARCH_PATHS = (
					"$(inherited)",
					"@executable_path/Frameworks",
				);
				PRODUCT_BUNDLE_IDENTIFIER = io.maranathapp.POCs;
				PRODUCT_NAME = "$(TARGET_NAME)";
				SWIFT_VERSION = 5.0;
				TARGETED_DEVICE_FAMILY = "1,2";
			};
			name = Debug;
		};
		83D48CF12514603A001046BA /* Release */ = {
			isa = XCBuildConfiguration;
			buildSettings = {
				ASSETCATALOG_COMPILER_APPICON_NAME = AppIcon;
				CODE_SIGN_STYLE = Automatic;
				DEVELOPMENT_TEAM = DS4GVW992F;
				INFOPLIST_FILE = "POCs/Application/Supporting files/Info.plist";
				LD_RUNPATH_SEARCH_PATHS = (
					"$(inherited)",
					"@executable_path/Frameworks",
				);
				PRODUCT_BUNDLE_IDENTIFIER = io.maranathapp.POCs;
				PRODUCT_NAME = "$(TARGET_NAME)";
				SWIFT_VERSION = 5.0;
				TARGETED_DEVICE_FAMILY = "1,2";
			};
			name = Release;
		};
/* End XCBuildConfiguration section */

/* Begin XCConfigurationList section */
		83D48CD625146038001046BA /* Build configuration list for PBXProject "POCs" */ = {
			isa = XCConfigurationList;
			buildConfigurations = (
				83D48CED2514603A001046BA /* Debug */,
				83D48CEE2514603A001046BA /* Release */,
			);
			defaultConfigurationIsVisible = 0;
			defaultConfigurationName = Release;
		};
		83D48CEF2514603A001046BA /* Build configuration list for PBXNativeTarget "POCs" */ = {
			isa = XCConfigurationList;
			buildConfigurations = (
				83D48CF02514603A001046BA /* Debug */,
				83D48CF12514603A001046BA /* Release */,
			);
			defaultConfigurationIsVisible = 0;
			defaultConfigurationName = Release;
		};
/* End XCConfigurationList section */
	};
	rootObject = 83D48CD325146038001046BA /* Project object */;
}
